
Microsoft Visual Studio Solution File, Format Version 12.00
# Visual Studio Version 17
VisualStudioVersion = 17.14.36327.8
MinimumVisualStudioVersion = 10.0.40219.1
Project("{FAE04EC0-301F-11D3-BF4B-00C04F79EFBC}") = "ServerApi", "ServerApi\ServerApi.csproj", "{7445DA24-8A2B-404E-BB28-89B8CA426738}"
EndProject
Project("{FAE04EC0-301F-11D3-BF4B-00C04F79EFBC}") = "ClientWebApp", "ClientWebApp\ClientWebApp.csproj", "{26EDB251-B817-4F77-BF90-1B988A438F6B}"
EndProject
Project("{FAE04EC0-301F-11D3-BF4B-00C04F79EFBC}") = "testing", "testing\testing.csproj", "{A3ED1BE8-0B34-413C-B040-DD5C3A667D0C}"
EndProject
Global
	GlobalSection(SolutionConfigurationPlatforms) = preSolution
		Debug|Any CPU = Debug|Any CPU
		Release|Any CPU = Release|Any CPU
	EndGlobalSection
	GlobalSection(ProjectConfigurationPlatforms) = postSolution
		{7445DA24-8A2B-404E-BB28-89B8CA426738}.Debug|Any CPU.ActiveCfg = Debug|Any CPU
		{7445DA24-8A2B-404E-BB28-89B8CA426738}.Debug|Any CPU.Build.0 = Debug|Any CPU
		{7445DA24-8A2B-404E-BB28-89B8CA426738}.Release|Any CPU.ActiveCfg = Release|Any CPU
		{7445DA24-8A2B-404E-BB28-89B8CA426738}.Release|Any CPU.Build.0 = Release|Any CPU
		{26EDB251-B817-4F77-BF90-1B988A438F6B}.Debug|Any CPU.ActiveCfg = Debug|Any CPU
		{26EDB251-B817-4F77-BF90-1B988A438F6B}.Debug|Any CPU.Build.0 = Debug|Any CPU
		{26EDB251-B817-4F77-BF90-1B988A438F6B}.Release|Any CPU.ActiveCfg = Release|Any CPU
		{26EDB251-B817-4F77-BF90-1B988A438F6B}.Release|Any CPU.Build.0 = Release|Any CPU
		{A3ED1BE8-0B34-413C-B040-DD5C3A667D0C}.Debug|Any CPU.ActiveCfg = Debug|Any CPU
		{A3ED1BE8-0B34-413C-B040-DD5C3A667D0C}.Debug|Any CPU.Build.0 = Debug|Any CPU
		{A3ED1BE8-0B34-413C-B040-DD5C3A667D0C}.Release|Any CPU.ActiveCfg = Release|Any CPU
		{A3ED1BE8-0B34-413C-B040-DD5C3A667D0C}.Release|Any CPU.Build.0 = Release|Any CPU
	EndGlobalSection
	GlobalSection(SolutionProperties) = preSolution
		HideSolutionNode = FALSE
	EndGlobalSection
	GlobalSection(ExtensibilityGlobals) = postSolution
		SolutionGuid = {C9424678-A674-432A-BC81-314EF7BED31B}
	EndGlobalSection
EndGlobal
